{
  "pins" : [
    {
      "identity" : "plugininterface",
      "kind" : "remoteSourceControl",
      "location" : "https://github.com/swift-setup/PluginInterface",
      "state" : {
        "branch" : "main",
        "revision" : "1976996510772361b53c2b388661f8c8e4039562"
      }
    }
  ],
  "version" : 2
}
