{
  "pins" : [
    {
      "identity" : "plugininterface",
      "kind" : "remoteSourceControl",
      "location" : "https://github.com/swift-setup/PluginInterface",
      "state" : {
        "revision" : "25340c9963fd758a605e337c3b7661d73ff6d033",
        "version" : "1.2.0"
      }
    },
    {
      "identity" : "ziparchive",
      "kind" : "remoteSourceControl",
      "location" : "https://github.com/ZipArchive/ZipArchive",
      "state" : {
        "revision" : "3016df0730fb7daa85d73e29ec9d02851db831ae",
        "version" : "2.5.3"
      }
    }
  ],
  "version" : 2
}
